// !$*UTF8*$!
{
	archiveVersion = 1;
	classes = {
	};
	objectVersion = 56;
	objects = {

/* Begin PBXBuildFile section */
		BD40EC702928C6F7006067A0 /* ProductDetailView.swift in Sources */ = {isa = PBXBuildFile; fileRef = BD40EC6F2928C6F7006067A0 /* ProductDetailView.swift */; };
		BD40EC722928D008006067A0 /* ProductDetailViewmodel.swift in Sources */ = {isa = PBXBuildFile; fileRef = BD40EC712928D008006067A0 /* ProductDetailViewmodel.swift */; };
		BD6FDB68292C203300953F52 /* GoogleService-Info.plist in Resources */ = {isa = PBXBuildFile; fileRef = BD6FDB67292C203300953F52 /* GoogleService-Info.plist */; };
		BD6FDB6B292C215300953F52 /* FirebaseAuth in Frameworks */ = {isa = PBXBuildFile; productRef = BD6FDB6A292C215300953F52 /* FirebaseAuth */; };
		BD6FDB6D292C215300953F52 /* FirebaseDatabase in Frameworks */ = {isa = PBXBuildFile; productRef = BD6FDB6C292C215300953F52 /* FirebaseDatabase */; };
		BD6FDB6F292C215300953F52 /* FirebaseDatabaseSwift in Frameworks */ = {isa = PBXBuildFile; productRef = BD6FDB6E292C215300953F52 /* FirebaseDatabaseSwift */; };
		BD6FDB71292C215300953F52 /* FirebaseFirestore in Frameworks */ = {isa = PBXBuildFile; productRef = BD6FDB70292C215300953F52 /* FirebaseFirestore */; };
		BD6FDB73292C215300953F52 /* FirebaseFirestoreSwift in Frameworks */ = {isa = PBXBuildFile; productRef = BD6FDB72292C215300953F52 /* FirebaseFirestoreSwift */; };
		BD6FDB75292C215300953F52 /* FirebaseStorage in Frameworks */ = {isa = PBXBuildFile; productRef = BD6FDB74292C215300953F52 /* FirebaseStorage */; };
		BD6FDB78292C2A4600953F52 /* AuthService.swift in Sources */ = {isa = PBXBuildFile; fileRef = BD6FDB77292C2A4600953F52 /* AuthService.swift */; };
		BDB85B532926C8340053CCD0 /* TastyCourse_swiftUIApp.swift in Sources */ = {isa = PBXBuildFile; fileRef = BDB85B522926C8340053CCD0 /* TastyCourse_swiftUIApp.swift */; };
		BDB85B552926C8340053CCD0 /* AuthView.swift in Sources */ = {isa = PBXBuildFile; fileRef = BDB85B542926C8340053CCD0 /* AuthView.swift */; };
		BDB85B572926C8350053CCD0 /* Assets.xcassets in Resources */ = {isa = PBXBuildFile; fileRef = BDB85B562926C8350053CCD0 /* Assets.xcassets */; };
		BDB85B5A2926C8350053CCD0 /* Preview Assets.xcassets in Resources */ = {isa = PBXBuildFile; fileRef = BDB85B592926C8350053CCD0 /* Preview Assets.xcassets */; };
		BDD0765F2927792300CB232B /* MainTabBar.swift in Sources */ = {isa = PBXBuildFile; fileRef = BDD0765E2927792300CB232B /* MainTabBar.swift */; };
		BDD0766129277E9200CB232B /* CatalogueView.swift in Sources */ = {isa = PBXBuildFile; fileRef = BDD0766029277E9200CB232B /* CatalogueView.swift */; };
		BDD0766329277ECA00CB232B /* CartView.swift in Sources */ = {isa = PBXBuildFile; fileRef = BDD0766229277ECA00CB232B /* CartView.swift */; };
		BDD0766529277ED800CB232B /* ProfileView.swift in Sources */ = {isa = PBXBuildFile; fileRef = BDD0766429277ED800CB232B /* ProfileView.swift */; };
		BDD07668292782EF00CB232B /* Product.swift in Sources */ = {isa = PBXBuildFile; fileRef = BDD07667292782EF00CB232B /* Product.swift */; };
		BDD0766A2927841D00CB232B /* ProductCell.swift in Sources */ = {isa = PBXBuildFile; fileRef = BDD076692927841D00CB232B /* ProductCell.swift */; };
		BDD0766D29278C6B00CB232B /* CatalogViewModel.swift in Sources */ = {isa = PBXBuildFile; fileRef = BDD0766C29278C6B00CB232B /* CatalogViewModel.swift */; };
		BDDD2793292903790036CB04 /* Extensions.swift in Sources */ = {isa = PBXBuildFile; fileRef = BDDD2792292903790036CB04 /* Extensions.swift */; };
		BDDD279529290E5D0036CB04 /* CartViewModel.swift in Sources */ = {isa = PBXBuildFile; fileRef = BDDD279429290E5D0036CB04 /* CartViewModel.swift */; };
		BDDD279829290EB90036CB04 /* Position.swift in Sources */ = {isa = PBXBuildFile; fileRef = BDDD279729290EB90036CB04 /* Position.swift */; };
		BDDD279A292919D50036CB04 /* PositionCell.swift in Sources */ = {isa = PBXBuildFile; fileRef = BDDD2799292919D50036CB04 /* PositionCell.swift */; };
/* End PBXBuildFile section */

/* Begin PBXFileReference section */
		BD40EC6F2928C6F7006067A0 /* ProductDetailView.swift */ = {isa = PBXFileReference; lastKnownFileType = sourcecode.swift; path = ProductDetailView.swift; sourceTree = "<group>"; };
		BD40EC712928D008006067A0 /* ProductDetailViewmodel.swift */ = {isa = PBXFileReference; lastKnownFileType = sourcecode.swift; path = ProductDetailViewmodel.swift; sourceTree = "<group>"; };
		BD6FDB67292C203300953F52 /* GoogleService-Info.plist */ = {isa = PBXFileReference; fileEncoding = 4; lastKnownFileType = text.plist.xml; path = "GoogleService-Info.plist"; sourceTree = "<group>"; };
		BD6FDB77292C2A4600953F52 /* AuthService.swift */ = {isa = PBXFileReference; lastKnownFileType = sourcecode.swift; path = AuthService.swift; sourceTree = "<group>"; };
		BDB85B4F2926C8340053CCD0 /* TastyCourse_swiftUI.app */ = {isa = PBXFileReference; explicitFileType = wrapper.application; includeInIndex = 0; path = TastyCourse_swiftUI.app; sourceTree = BUILT_PRODUCTS_DIR; };
		BDB85B522926C8340053CCD0 /* TastyCourse_swiftUIApp.swift */ = {isa = PBXFileReference; lastKnownFileType = sourcecode.swift; path = TastyCourse_swiftUIApp.swift; sourceTree = "<group>"; };
		BDB85B542926C8340053CCD0 /* AuthView.swift */ = {isa = PBXFileReference; lastKnownFileType = sourcecode.swift; path = AuthView.swift; sourceTree = "<group>"; };
		BDB85B562926C8350053CCD0 /* Assets.xcassets */ = {isa = PBXFileReference; lastKnownFileType = folder.assetcatalog; path = Assets.xcassets; sourceTree = "<group>"; };
		BDB85B592926C8350053CCD0 /* Preview Assets.xcassets */ = {isa = PBXFileReference; lastKnownFileType = folder.assetcatalog; path = "Preview Assets.xcassets"; sourceTree = "<group>"; };
		BDD0765E2927792300CB232B /* MainTabBar.swift */ = {isa = PBXFileReference; lastKnownFileType = sourcecode.swift; path = MainTabBar.swift; sourceTree = "<group>"; };
		BDD0766029277E9200CB232B /* CatalogueView.swift */ = {isa = PBXFileReference; lastKnownFileType = sourcecode.swift; path = CatalogueView.swift; sourceTree = "<group>"; };
		BDD0766229277ECA00CB232B /* CartView.swift */ = {isa = PBXFileReference; lastKnownFileType = sourcecode.swift; path = CartView.swift; sourceTree = "<group>"; };
		BDD0766429277ED800CB232B /* ProfileView.swift */ = {isa = PBXFileReference; lastKnownFileType = sourcecode.swift; path = ProfileView.swift; sourceTree = "<group>"; };
		BDD07667292782EF00CB232B /* Product.swift */ = {isa = PBXFileReference; lastKnownFileType = sourcecode.swift; path = Product.swift; sourceTree = "<group>"; };
		BDD076692927841D00CB232B /* ProductCell.swift */ = {isa = PBXFileReference; lastKnownFileType = sourcecode.swift; path = ProductCell.swift; sourceTree = "<group>"; };
		BDD0766C29278C6B00CB232B /* CatalogViewModel.swift */ = {isa = PBXFileReference; lastKnownFileType = sourcecode.swift; path = CatalogViewModel.swift; sourceTree = "<group>"; };
		BDDD2792292903790036CB04 /* Extensions.swift */ = {isa = PBXFileReference; lastKnownFileType = sourcecode.swift; path = Extensions.swift; sourceTree = "<group>"; };
		BDDD279429290E5D0036CB04 /* CartViewModel.swift */ = {isa = PBXFileReference; lastKnownFileType = sourcecode.swift; path = CartViewModel.swift; sourceTree = "<group>"; };
		BDDD279729290EB90036CB04 /* Position.swift */ = {isa = PBXFileReference; lastKnownFileType = sourcecode.swift; path = Position.swift; sourceTree = "<group>"; };
		BDDD2799292919D50036CB04 /* PositionCell.swift */ = {isa = PBXFileReference; lastKnownFileType = sourcecode.swift; path = PositionCell.swift; sourceTree = "<group>"; };
/* End PBXFileReference section */

/* Begin PBXFrameworksBuildPhase section */
		BDB85B4C2926C8340053CCD0 /* Frameworks */ = {
			isa = PBXFrameworksBuildPhase;
			buildActionMask = 2147483647;
			files = (
				BD6FDB73292C215300953F52 /* FirebaseFirestoreSwift in Frameworks */,
				BD6FDB6F292C215300953F52 /* FirebaseDatabaseSwift in Frameworks */,
				BD6FDB71292C215300953F52 /* FirebaseFirestore in Frameworks */,
				BD6FDB6D292C215300953F52 /* FirebaseDatabase in Frameworks */,
				BD6FDB6B292C215300953F52 /* FirebaseAuth in Frameworks */,
				BD6FDB75292C215300953F52 /* FirebaseStorage in Frameworks */,
			);
			runOnlyForDeploymentPostprocessing = 0;
		};
/* End PBXFrameworksBuildPhase section */

/* Begin PBXGroup section */
		BD6FDB76292C2A2E00953F52 /* Firebase */ = {
			isa = PBXGroup;
			children = (
				BD6FDB77292C2A4600953F52 /* AuthService.swift */,
			);
			path = Firebase;
			sourceTree = "<group>";
		};
		BDB85B462926C8340053CCD0 = {
			isa = PBXGroup;
			children = (
				BDB85B512926C8340053CCD0 /* TastyCourse_swiftUI */,
				BDB85B502926C8340053CCD0 /* Products */,
			);
			sourceTree = "<group>";
		};
		BDB85B502926C8340053CCD0 /* Products */ = {
			isa = PBXGroup;
			children = (
				BDB85B4F2926C8340053CCD0 /* TastyCourse_swiftUI.app */,
			);
			name = Products;
			sourceTree = "<group>";
		};
		BDB85B512926C8340053CCD0 /* TastyCourse_swiftUI */ = {
			isa = PBXGroup;
			children = (
				BD6FDB67292C203300953F52 /* GoogleService-Info.plist */,
				BDB85B562926C8350053CCD0 /* Assets.xcassets */,
				BDB85B522926C8340053CCD0 /* TastyCourse_swiftUIApp.swift */,
				BDDD2792292903790036CB04 /* Extensions.swift */,
				BD6FDB76292C2A2E00953F52 /* Firebase */,
				BDD0766E29278C9D00CB232B /* viewmodels */,
				BDD07666292782D500CB232B /* models */,
				BDD0765D2927790400CB232B /* screens */,
				BDB85B582926C8350053CCD0 /* Preview Content */,
			);
			path = TastyCourse_swiftUI;
			sourceTree = "<group>";
		};
		BDB85B582926C8350053CCD0 /* Preview Content */ = {
			isa = PBXGroup;
			children = (
				BDB85B592926C8350053CCD0 /* Preview Assets.xcassets */,
			);
			path = "Preview Content";
			sourceTree = "<group>";
		};
		BDD0765D2927790400CB232B /* screens */ = {
			isa = PBXGroup;
			children = (
				BDD0765E2927792300CB232B /* MainTabBar.swift */,
				BDD0766029277E9200CB232B /* CatalogueView.swift */,
				BDD0766229277ECA00CB232B /* CartView.swift */,
				BDD0766429277ED800CB232B /* ProfileView.swift */,
				BD40EC6F2928C6F7006067A0 /* ProductDetailView.swift */,
				BDDD2799292919D50036CB04 /* PositionCell.swift */,
				BDB85B542926C8340053CCD0 /* AuthView.swift */,
				BDD0766B2927843A00CB232B /* ComponentsViews */,
			);
			path = screens;
			sourceTree = "<group>";
		};
		BDD07666292782D500CB232B /* models */ = {
			isa = PBXGroup;
			children = (
				BDD07667292782EF00CB232B /* Product.swift */,
				BDDD279729290EB90036CB04 /* Position.swift */,
			);
			path = models;
			sourceTree = "<group>";
		};
		BDD0766B2927843A00CB232B /* ComponentsViews */ = {
			isa = PBXGroup;
			children = (
				BDD076692927841D00CB232B /* ProductCell.swift */,
			);
			path = ComponentsViews;
			sourceTree = "<group>";
		};
		BDD0766E29278C9D00CB232B /* viewmodels */ = {
			isa = PBXGroup;
			children = (
				BDD0766C29278C6B00CB232B /* CatalogViewModel.swift */,
				BD40EC712928D008006067A0 /* ProductDetailViewmodel.swift */,
				BDDD279429290E5D0036CB04 /* CartViewModel.swift */,
			);
			path = viewmodels;
			sourceTree = "<group>";
		};
/* End PBXGroup section */

/* Begin PBXNativeTarget section */
		BDB85B4E2926C8340053CCD0 /* TastyCourse_swiftUI */ = {
			isa = PBXNativeTarget;
			buildConfigurationList = BDB85B5D2926C8350053CCD0 /* Build configuration list for PBXNativeTarget "TastyCourse_swiftUI" */;
			buildPhases = (
				BDB85B4B2926C8340053CCD0 /* Sources */,
				BDB85B4C2926C8340053CCD0 /* Frameworks */,
				BDB85B4D2926C8340053CCD0 /* Resources */,
			);
			buildRules = (
			);
			dependencies = (
			);
			name = TastyCourse_swiftUI;
			packageProductDependencies = (
				BD6FDB6A292C215300953F52 /* FirebaseAuth */,
				BD6FDB6C292C215300953F52 /* FirebaseDatabase */,
				BD6FDB6E292C215300953F52 /* FirebaseDatabaseSwift */,
				BD6FDB70292C215300953F52 /* FirebaseFirestore */,
				BD6FDB72292C215300953F52 /* FirebaseFirestoreSwift */,
				BD6FDB74292C215300953F52 /* FirebaseStorage */,
			);
			productName = TastyCourse_swiftUI;
			productReference = BDB85B4F2926C8340053CCD0 /* TastyCourse_swiftUI.app */;
			productType = "com.apple.product-type.application";
		};
/* End PBXNativeTarget section */

/* Begin PBXProject section */
		BDB85B472926C8340053CCD0 /* Project object */ = {
			isa = PBXProject;
			attributes = {
				BuildIndependentTargetsInParallel = 1;
				LastSwiftUpdateCheck = 1400;
				LastUpgradeCheck = 1400;
				TargetAttributes = {
					BDB85B4E2926C8340053CCD0 = {
						CreatedOnToolsVersion = 14.0;
					};
				};
			};
			buildConfigurationList = BDB85B4A2926C8340053CCD0 /* Build configuration list for PBXProject "TastyCourse_swiftUI" */;
			compatibilityVersion = "Xcode 14.0";
			developmentRegion = en;
			hasScannedForEncodings = 0;
			knownRegions = (
				en,
				Base,
			);
			mainGroup = BDB85B462926C8340053CCD0;
			packageReferences = (
				BD6FDB69292C215300953F52 /* XCRemoteSwiftPackageReference "firebase-ios-sdk" */,
			);
			productRefGroup = BDB85B502926C8340053CCD0 /* Products */;
			projectDirPath = "";
			projectRoot = "";
			targets = (
				BDB85B4E2926C8340053CCD0 /* TastyCourse_swiftUI */,
			);
		};
/* End PBXProject section */

/* Begin PBXResourcesBuildPhase section */
		BDB85B4D2926C8340053CCD0 /* Resources */ = {
			isa = PBXResourcesBuildPhase;
			buildActionMask = 2147483647;
			files = (
				BDB85B5A2926C8350053CCD0 /* Preview Assets.xcassets in Resources */,
				BDB85B572926C8350053CCD0 /* Assets.xcassets in Resources */,
				BD6FDB68292C203300953F52 /* GoogleService-Info.plist in Resources */,
			);
			runOnlyForDeploymentPostprocessing = 0;
		};
/* End PBXResourcesBuildPhase section */

/* Begin PBXSourcesBuildPhase section */
		BDB85B4B2926C8340053CCD0 /* Sources */ = {
			isa = PBXSourcesBuildPhase;
			buildActionMask = 2147483647;
			files = (
				BDDD279829290EB90036CB04 /* Position.swift in Sources */,
				BDD0766329277ECA00CB232B /* CartView.swift in Sources */,
				BD40EC702928C6F7006067A0 /* ProductDetailView.swift in Sources */,
				BDD0765F2927792300CB232B /* MainTabBar.swift in Sources */,
				BDDD279A292919D50036CB04 /* PositionCell.swift in Sources */,
				BDDD279529290E5D0036CB04 /* CartViewModel.swift in Sources */,
				BDB85B552926C8340053CCD0 /* AuthView.swift in Sources */,
				BDD0766129277E9200CB232B /* CatalogueView.swift in Sources */,
				BDD0766529277ED800CB232B /* ProfileView.swift in Sources */,
				BDD0766A2927841D00CB232B /* ProductCell.swift in Sources */,
				BDDD2793292903790036CB04 /* Extensions.swift in Sources */,
				BDB85B532926C8340053CCD0 /* TastyCourse_swiftUIApp.swift in Sources */,
				BD40EC722928D008006067A0 /* ProductDetailViewmodel.swift in Sources */,
				BDD07668292782EF00CB232B /* Product.swift in Sources */,
				BDD0766D29278C6B00CB232B /* CatalogViewModel.swift in Sources */,
				BD6FDB78292C2A4600953F52 /* AuthService.swift in Sources */,
			);
			runOnlyForDeploymentPostprocessing = 0;
		};
/* End PBXSourcesBuildPhase section */

/* Begin XCBuildConfiguration section */
		BDB85B5B2926C8350053CCD0 /* Debug */ = {
			isa = XCBuildConfiguration;
			buildSettings = {
				ALWAYS_SEARCH_USER_PATHS = NO;
				CLANG_ANALYZER_NONNULL = YES;
				CLANG_ANALYZER_NUMBER_OBJECT_CONVERSION = YES_AGGRESSIVE;
				CLANG_CXX_LANGUAGE_STANDARD = "gnu++20";
				CLANG_ENABLE_MODULES = YES;
				CLANG_ENABLE_OBJC_ARC = YES;
				CLANG_ENABLE_OBJC_WEAK = YES;
				CLANG_WARN_BLOCK_CAPTURE_AUTORELEASING = YES;
				CLANG_WARN_BOOL_CONVERSION = YES;
				CLANG_WARN_COMMA = YES;
				CLANG_WARN_CONSTANT_CONVERSION = YES;
				CLANG_WARN_DEPRECATED_OBJC_IMPLEMENTATIONS = YES;
				CLANG_WARN_DIRECT_OBJC_ISA_USAGE = YES_ERROR;
				CLANG_WARN_DOCUMENTATION_COMMENTS = YES;
				CLANG_WARN_EMPTY_BODY = YES;
				CLANG_WARN_ENUM_CONVERSION = YES;
				CLANG_WARN_INFINITE_RECURSION = YES;
				CLANG_WARN_INT_CONVERSION = YES;
				CLANG_WARN_NON_LITERAL_NULL_CONVERSION = YES;
				CLANG_WARN_OBJC_IMPLICIT_RETAIN_SELF = YES;
				CLANG_WARN_OBJC_LITERAL_CONVERSION = YES;
				CLANG_WARN_OBJC_ROOT_CLASS = YES_ERROR;
				CLANG_WARN_QUOTED_INCLUDE_IN_FRAMEWORK_HEADER = YES;
				CLANG_WARN_RANGE_LOOP_ANALYSIS = YES;
				CLANG_WARN_STRICT_PROTOTYPES = YES;
				CLANG_WARN_SUSPICIOUS_MOVE = YES;
				CLANG_WARN_UNGUARDED_AVAILABILITY = YES_AGGRESSIVE;
				CLANG_WARN_UNREACHABLE_CODE = YES;
				CLANG_WARN__DUPLICATE_METHOD_MATCH = YES;
				COPY_PHASE_STRIP = NO;
				DEBUG_INFORMATION_FORMAT = dwarf;
				ENABLE_STRICT_OBJC_MSGSEND = YES;
				ENABLE_TESTABILITY = YES;
				GCC_C_LANGUAGE_STANDARD = gnu11;
				GCC_DYNAMIC_NO_PIC = NO;
				GCC_NO_COMMON_BLOCKS = YES;
				GCC_OPTIMIZATION_LEVEL = 0;
				GCC_PREPROCESSOR_DEFINITIONS = (
					"DEBUG=1",
					"$(inherited)",
				);
				GCC_WARN_64_TO_32_BIT_CONVERSION = YES;
				GCC_WARN_ABOUT_RETURN_TYPE = YES_ERROR;
				GCC_WARN_UNDECLARED_SELECTOR = YES;
				GCC_WARN_UNINITIALIZED_AUTOS = YES_AGGRESSIVE;
				GCC_WARN_UNUSED_FUNCTION = YES;
				GCC_WARN_UNUSED_VARIABLE = YES;
				IPHONEOS_DEPLOYMENT_TARGET = 16.0;
				MTL_ENABLE_DEBUG_INFO = INCLUDE_SOURCE;
				MTL_FAST_MATH = YES;
				ONLY_ACTIVE_ARCH = YES;
				SDKROOT = iphoneos;
				SWIFT_ACTIVE_COMPILATION_CONDITIONS = DEBUG;
				SWIFT_OPTIMIZATION_LEVEL = "-Onone";
			};
			name = Debug;
		};
		BDB85B5C2926C8350053CCD0 /* Release */ = {
			isa = XCBuildConfiguration;
			buildSettings = {
				ALWAYS_SEARCH_USER_PATHS = NO;
				CLANG_ANALYZER_NONNULL = YES;
				CLANG_ANALYZER_NUMBER_OBJECT_CONVERSION = YES_AGGRESSIVE;
				CLANG_CXX_LANGUAGE_STANDARD = "gnu++20";
				CLANG_ENABLE_MODULES = YES;
				CLANG_ENABLE_OBJC_ARC = YES;
				CLANG_ENABLE_OBJC_WEAK = YES;
				CLANG_WARN_BLOCK_CAPTURE_AUTORELEASING = YES;
				CLANG_WARN_BOOL_CONVERSION = YES;
				CLANG_WARN_COMMA = YES;
				CLANG_WARN_CONSTANT_CONVERSION = YES;
				CLANG_WARN_DEPRECATED_OBJC_IMPLEMENTATIONS = YES;
				CLANG_WARN_DIRECT_OBJC_ISA_USAGE = YES_ERROR;
				CLANG_WARN_DOCUMENTATION_COMMENTS = YES;
				CLANG_WARN_EMPTY_BODY = YES;
				CLANG_WARN_ENUM_CONVERSION = YES;
				CLANG_WARN_INFINITE_RECURSION = YES;
				CLANG_WARN_INT_CONVERSION = YES;
				CLANG_WARN_NON_LITERAL_NULL_CONVERSION = YES;
				CLANG_WARN_OBJC_IMPLICIT_RETAIN_SELF = YES;
				CLANG_WARN_OBJC_LITERAL_CONVERSION = YES;
				CLANG_WARN_OBJC_ROOT_CLASS = YES_ERROR;
				CLANG_WARN_QUOTED_INCLUDE_IN_FRAMEWORK_HEADER = YES;
				CLANG_WARN_RANGE_LOOP_ANALYSIS = YES;
				CLANG_WARN_STRICT_PROTOTYPES = YES;
				CLANG_WARN_SUSPICIOUS_MOVE = YES;
				CLANG_WARN_UNGUARDED_AVAILABILITY = YES_AGGRESSIVE;
				CLANG_WARN_UNREACHABLE_CODE = YES;
				CLANG_WARN__DUPLICATE_METHOD_MATCH = YES;
				COPY_PHASE_STRIP = NO;
				DEBUG_INFORMATION_FORMAT = "dwarf-with-dsym";
				ENABLE_NS_ASSERTIONS = NO;
				ENABLE_STRICT_OBJC_MSGSEND = YES;
				GCC_C_LANGUAGE_STANDARD = gnu11;
				GCC_NO_COMMON_BLOCKS = YES;
				GCC_WARN_64_TO_32_BIT_CONVERSION = YES;
				GCC_WARN_ABOUT_RETURN_TYPE = YES_ERROR;
				GCC_WARN_UNDECLARED_SELECTOR = YES;
				GCC_WARN_UNINITIALIZED_AUTOS = YES_AGGRESSIVE;
				GCC_WARN_UNUSED_FUNCTION = YES;
				GCC_WARN_UNUSED_VARIABLE = YES;
				IPHONEOS_DEPLOYMENT_TARGET = 16.0;
				MTL_ENABLE_DEBUG_INFO = NO;
				MTL_FAST_MATH = YES;
				SDKROOT = iphoneos;
				SWIFT_COMPILATION_MODE = wholemodule;
				SWIFT_OPTIMIZATION_LEVEL = "-O";
				VALIDATE_PRODUCT = YES;
			};
			name = Release;
		};
		BDB85B5E2926C8350053CCD0 /* Debug */ = {
			isa = XCBuildConfiguration;
			buildSettings = {
				ASSETCATALOG_COMPILER_APPICON_NAME = AppIcon;
				ASSETCATALOG_COMPILER_GLOBAL_ACCENT_COLOR_NAME = AccentColor;
				CODE_SIGN_STYLE = Automatic;
				CURRENT_PROJECT_VERSION = 1;
				DEVELOPMENT_ASSET_PATHS = "\"TastyCourse_swiftUI/Preview Content\"";
				DEVELOPMENT_TEAM = YPXDVQFQ53;
				ENABLE_PREVIEWS = YES;
				GENERATE_INFOPLIST_FILE = YES;
				INFOPLIST_KEY_CFBundleDisplayName = TastyCourse;
				INFOPLIST_KEY_UIApplicationSceneManifest_Generation = YES;
				INFOPLIST_KEY_UIApplicationSupportsIndirectInputEvents = YES;
				INFOPLIST_KEY_UILaunchScreen_Generation = YES;
				INFOPLIST_KEY_UISupportedInterfaceOrientations_iPad = "UIInterfaceOrientationPortrait UIInterfaceOrientationPortraitUpsideDown UIInterfaceOrientationLandscapeLeft UIInterfaceOrientationLandscapeRight";
				INFOPLIST_KEY_UISupportedInterfaceOrientations_iPhone = "UIInterfaceOrientationPortrait UIInterfaceOrientationLandscapeLeft UIInterfaceOrientationLandscapeRight";
				LD_RUNPATH_SEARCH_PATHS = (
					"$(inherited)",
					"@executable_path/Frameworks",
				);
				MARKETING_VERSION = 1.0;
				PRODUCT_BUNDLE_IDENTIFIER = "fedii.ihor.TastyCourse-swiftUI";
				PRODUCT_NAME = "$(TARGET_NAME)";
				SWIFT_EMIT_LOC_STRINGS = YES;
				SWIFT_VERSION = 5.0;
				TARGETED_DEVICE_FAMILY = "1,2";
			};
			name = Debug;
		};
		BDB85B5F2926C8350053CCD0 /* Release */ = {
			isa = XCBuildConfiguration;
			buildSettings = {
				ASSETCATALOG_COMPILER_APPICON_NAME = AppIcon;
				ASSETCATALOG_COMPILER_GLOBAL_ACCENT_COLOR_NAME = AccentColor;
				CODE_SIGN_STYLE = Automatic;
				CURRENT_PROJECT_VERSION = 1;
				DEVELOPMENT_ASSET_PATHS = "\"TastyCourse_swiftUI/Preview Content\"";
				DEVELOPMENT_TEAM = YPXDVQFQ53;
				ENABLE_PREVIEWS = YES;
				GENERATE_INFOPLIST_FILE = YES;
				INFOPLIST_KEY_CFBundleDisplayName = TastyCourse;
				INFOPLIST_KEY_UIApplicationSceneManifest_Generation = YES;
				INFOPLIST_KEY_UIApplicationSupportsIndirectInputEvents = YES;
				INFOPLIST_KEY_UILaunchScreen_Generation = YES;
				INFOPLIST_KEY_UISupportedInterfaceOrientations_iPad = "UIInterfaceOrientationPortrait UIInterfaceOrientationPortraitUpsideDown UIInterfaceOrientationLandscapeLeft UIInterfaceOrientationLandscapeRight";
				INFOPLIST_KEY_UISupportedInterfaceOrientations_iPhone = "UIInterfaceOrientationPortrait UIInterfaceOrientationLandscapeLeft UIInterfaceOrientationLandscapeRight";
				LD_RUNPATH_SEARCH_PATHS = (
					"$(inherited)",
					"@executable_path/Frameworks",
				);
				MARKETING_VERSION = 1.0;
				PRODUCT_BUNDLE_IDENTIFIER = "fedii.ihor.TastyCourse-swiftUI";
				PRODUCT_NAME = "$(TARGET_NAME)";
				SWIFT_EMIT_LOC_STRINGS = YES;
				SWIFT_VERSION = 5.0;
				TARGETED_DEVICE_FAMILY = "1,2";
			};
			name = Release;
		};
/* End XCBuildConfiguration section */

/* Begin XCConfigurationList section */
		BDB85B4A2926C8340053CCD0 /* Build configuration list for PBXProject "TastyCourse_swiftUI" */ = {
			isa = XCConfigurationList;
			buildConfigurations = (
				BDB85B5B2926C8350053CCD0 /* Debug */,
				BDB85B5C2926C8350053CCD0 /* Release */,
			);
			defaultConfigurationIsVisible = 0;
			defaultConfigurationName = Release;
		};
		BDB85B5D2926C8350053CCD0 /* Build configuration list for PBXNativeTarget "TastyCourse_swiftUI" */ = {
			isa = XCConfigurationList;
			buildConfigurations = (
				BDB85B5E2926C8350053CCD0 /* Debug */,
				BDB85B5F2926C8350053CCD0 /* Release */,
			);
			defaultConfigurationIsVisible = 0;
			defaultConfigurationName = Release;
		};
/* End XCConfigurationList section */

/* Begin XCRemoteSwiftPackageReference section */
		BD6FDB69292C215300953F52 /* XCRemoteSwiftPackageReference "firebase-ios-sdk" */ = {
			isa = XCRemoteSwiftPackageReference;
			repositoryURL = "https://github.com/firebase/firebase-ios-sdk";
			requirement = {
				branch = master;
				kind = branch;
			};
		};
/* End XCRemoteSwiftPackageReference section */

/* Begin XCSwiftPackageProductDependency section */
		BD6FDB6A292C215300953F52 /* FirebaseAuth */ = {
			isa = XCSwiftPackageProductDependency;
			package = BD6FDB69292C215300953F52 /* XCRemoteSwiftPackageReference "firebase-ios-sdk" */;
			productName = FirebaseAuth;
		};
		BD6FDB6C292C215300953F52 /* FirebaseDatabase */ = {
			isa = XCSwiftPackageProductDependency;
			package = BD6FDB69292C215300953F52 /* XCRemoteSwiftPackageReference "firebase-ios-sdk" */;
			productName = FirebaseDatabase;
		};
		BD6FDB6E292C215300953F52 /* FirebaseDatabaseSwift */ = {
			isa = XCSwiftPackageProductDependency;
			package = BD6FDB69292C215300953F52 /* XCRemoteSwiftPackageReference "firebase-ios-sdk" */;
			productName = FirebaseDatabaseSwift;
		};
		BD6FDB70292C215300953F52 /* FirebaseFirestore */ = {
			isa = XCSwiftPackageProductDependency;
			package = BD6FDB69292C215300953F52 /* XCRemoteSwiftPackageReference "firebase-ios-sdk" */;
			productName = FirebaseFirestore;
		};
		BD6FDB72292C215300953F52 /* FirebaseFirestoreSwift */ = {
			isa = XCSwiftPackageProductDependency;
			package = BD6FDB69292C215300953F52 /* XCRemoteSwiftPackageReference "firebase-ios-sdk" */;
			productName = FirebaseFirestoreSwift;
		};
		BD6FDB74292C215300953F52 /* FirebaseStorage */ = {
			isa = XCSwiftPackageProductDependency;
			package = BD6FDB69292C215300953F52 /* XCRemoteSwiftPackageReference "firebase-ios-sdk" */;
			productName = FirebaseStorage;
		};
/* End XCSwiftPackageProductDependency section */
	};
	rootObject = BDB85B472926C8340053CCD0 /* Project object */;
}
